{
  "name": "agent-log-observatory",
  "version": "0.0.9",
  "lockfileVersion": 3,
  "requires": true,
  "packages": {
    "": {
      "name": "agent-log-observatory",
      "version": "0.0.9",
      "dependencies": {
        "better-sqlite3": "file:vendor/npm/better-sqlite3-13.0.3.tgz",
        "node-addon-api": "file:vendor/npm/node-addon-api-8.9.2.tgz"
      },
      "engines": {
        "node": ">=24 <25"
      }
    },
    "node_modules/better-sqlite3": {
      "version": "13.0.3",
      "resolved": "file:vendor/npm/better-sqlite3-13.0.3.tgz",
      "integrity": "sha512-9s/20Or/A3payzW4yL5uOw+b7Pvysl0ZjsYwecrVyB6cVub9sHF39xlmWRqNW/Pp0/9i6mKImpRIX/GTYdcsUA==",
      "license": "MIT",
      "dependencies": {
        "node-addon-api": "^8.0.0"
      },
      "engines": {
        "node": ">=22"
      }
    },
    "node_modules/node-addon-api": {
      "version": "8.9.2",
      "resolved": "file:vendor/npm/node-addon-api-8.9.2.tgz",
      "integrity": "sha512-6QLFO4fPf8wMWeX8bKudpMltWJHqSFhtU+oiy2x8/iJZKqpk+phxHNhi7mYSNDRBuJw2MzTs9+BJdBgjeCQ4PA==",
      "license": "MIT",
      "engines": {
        "node": "^18 || ^20 || >= 21"
      }
    }
  }
}
